// !$*UTF8*$!
{
	archiveVersion = 1;
	classes = {
	};
	objectVersion = 56;
	objects = {

/* Begin PBXBuildFile section */
		600C87E32B92D6630051D641 /* AppDelegate.swift in Sources */ = {isa = PBXBuildFile; fileRef = 600C87E22B92D6630051D641 /* AppDelegate.swift */; };
		600C87E52B92D6630051D641 /* SceneDelegate.swift in Sources */ = {isa = PBXBuildFile; fileRef = 600C87E42B92D6630051D641 /* SceneDelegate.swift */; };
		600C87EA2B92D6630051D641 /* Main.storyboard in Resources */ = {isa = PBXBuildFile; fileRef = 600C87E82B92D6630051D641 /* Main.storyboard */; };
		600C87EC2B92D6640051D641 /* Assets.xcassets in Resources */ = {isa = PBXBuildFile; fileRef = 600C87EB2B92D6640051D641 /* Assets.xcassets */; };
		600C87EF2B92D6640051D641 /* LaunchScreen.storyboard in Resources */ = {isa = PBXBuildFile; fileRef = 600C87ED2B92D6640051D641 /* LaunchScreen.storyboard */; };
		600C87F72B92E4670051D641 /* TaskListViewController.swift in Sources */ = {isa = PBXBuildFile; fileRef = 600C87F62B92E4670051D641 /* TaskListViewController.swift */; };
		600C87FB2B92E55E0051D641 /* Task.swift in Sources */ = {isa = PBXBuildFile; fileRef = 600C87FA2B92E55E0051D641 /* Task.swift */; };
		600C87FF2B92E6600051D641 /* TaskCell.swift in Sources */ = {isa = PBXBuildFile; fileRef = 600C87FE2B92E6600051D641 /* TaskCell.swift */; };
		600C88012B92E84A0051D641 /* TaskDetailViewController.swift in Sources */ = {isa = PBXBuildFile; fileRef = 600C88002B92E84A0051D641 /* TaskDetailViewController.swift */; };
		600C88032B92F1BD0051D641 /* TaskComposeViewController.swift in Sources */ = {isa = PBXBuildFile; fileRef = 600C88022B92F1BD0051D641 /* TaskComposeViewController.swift */; };
		600C88052B92F43B0051D641 /* TaskAnnotationView.swift in Sources */ = {isa = PBXBuildFile; fileRef = 600C88042B92F43B0051D641 /* TaskAnnotationView.swift */; };
/* End PBXBuildFile section */

/* Begin PBXFileReference section */
		600C87DF2B92D6630051D641 /* project1-scavenger-hunt.app */ = {isa = PBXFileReference; explicitFileType = wrapper.application; includeInIndex = 0; path = "project1-scavenger-hunt.app"; sourceTree = BUILT_PRODUCTS_DIR; };
		600C87E22B92D6630051D641 /* AppDelegate.swift */ = {isa = PBXFileReference; lastKnownFileType = sourcecode.swift; path = AppDelegate.swift; sourceTree = "<group>"; };
		600C87E42B92D6630051D641 /* SceneDelegate.swift */ = {isa = PBXFileReference; lastKnownFileType = sourcecode.swift; path = SceneDelegate.swift; sourceTree = "<group>"; };
		600C87E92B92D6630051D641 /* Base */ = {isa = PBXFileReference; lastKnownFileType = file.storyboard; name = Base; path = Base.lproj/Main.storyboard; sourceTree = "<group>"; };
		600C87EB2B92D6640051D641 /* Assets.xcassets */ = {isa = PBXFileReference; lastKnownFileType = folder.assetcatalog; path = Assets.xcassets; sourceTree = "<group>"; };
		600C87EE2B92D6640051D641 /* Base */ = {isa = PBXFileReference; lastKnownFileType = file.storyboard; name = Base; path = Base.lproj/LaunchScreen.storyboard; sourceTree = "<group>"; };
		600C87F02B92D6640051D641 /* Info.plist */ = {isa = PBXFileReference; lastKnownFileType = text.plist.xml; path = Info.plist; sourceTree = "<group>"; };
		600C87F62B92E4670051D641 /* TaskListViewController.swift */ = {isa = PBXFileReference; lastKnownFileType = sourcecode.swift; path = TaskListViewController.swift; sourceTree = "<group>"; };
		600C87FA2B92E55E0051D641 /* Task.swift */ = {isa = PBXFileReference; lastKnownFileType = sourcecode.swift; path = Task.swift; sourceTree = "<group>"; };
		600C87FE2B92E6600051D641 /* TaskCell.swift */ = {isa = PBXFileReference; lastKnownFileType = sourcecode.swift; path = TaskCell.swift; sourceTree = "<group>"; };
		600C88002B92E84A0051D641 /* TaskDetailViewController.swift */ = {isa = PBXFileReference; lastKnownFileType = sourcecode.swift; path = TaskDetailViewController.swift; sourceTree = "<group>"; };
		600C88022B92F1BD0051D641 /* TaskComposeViewController.swift */ = {isa = PBXFileReference; lastKnownFileType = sourcecode.swift; path = TaskComposeViewController.swift; sourceTree = "<group>"; };
		600C88042B92F43B0051D641 /* TaskAnnotationView.swift */ = {isa = PBXFileReference; lastKnownFileType = sourcecode.swift; path = TaskAnnotationView.swift; sourceTree = "<group>"; };
/* End PBXFileReference section */

/* Begin PBXFrameworksBuildPhase section */
		600C87DC2B92D6630051D641 /* Frameworks */ = {
			isa = PBXFrameworksBuildPhase;
			buildActionMask = 2147483647;
			files = (
			);
			runOnlyForDeploymentPostprocessing = 0;
		};
/* End PBXFrameworksBuildPhase section */

/* Begin PBXGroup section */
		600C87D62B92D6630051D641 = {
			isa = PBXGroup;
			children = (
				600C87E12B92D6630051D641 /* project1-scavenger-hunt */,
				600C87E02B92D6630051D641 /* Products */,
			);
			sourceTree = "<group>";
		};
		600C87E02B92D6630051D641 /* Products */ = {
			isa = PBXGroup;
			children = (
				600C87DF2B92D6630051D641 /* project1-scavenger-hunt.app */,
			);
			name = Products;
			sourceTree = "<group>";
		};
		600C87E12B92D6630051D641 /* project1-scavenger-hunt */ = {
			isa = PBXGroup;
			children = (
				600C87E22B92D6630051D641 /* AppDelegate.swift */,
				600C87E42B92D6630051D641 /* SceneDelegate.swift */,
				600C87E82B92D6630051D641 /* Main.storyboard */,
				600C87EB2B92D6640051D641 /* Assets.xcassets */,
				600C87ED2B92D6640051D641 /* LaunchScreen.storyboard */,
				600C87F02B92D6640051D641 /* Info.plist */,
				600C87F62B92E4670051D641 /* TaskListViewController.swift */,
				600C87FA2B92E55E0051D641 /* Task.swift */,
				600C87FE2B92E6600051D641 /* TaskCell.swift */,
				600C88002B92E84A0051D641 /* TaskDetailViewController.swift */,
				600C88022B92F1BD0051D641 /* TaskComposeViewController.swift */,
				600C88042B92F43B0051D641 /* TaskAnnotationView.swift */,
			);
			path = "project1-scavenger-hunt";
			sourceTree = "<group>";
		};
/* End PBXGroup section */

/* Begin PBXNativeTarget section */
		600C87DE2B92D6630051D641 /* project1-scavenger-hunt */ = {
			isa = PBXNativeTarget;
			buildConfigurationList = 600C87F32B92D6640051D641 /* Build configuration list for PBXNativeTarget "project1-scavenger-hunt" */;
			buildPhases = (
				600C87DB2B92D6630051D641 /* Sources */,
				600C87DC2B92D6630051D641 /* Frameworks */,
				600C87DD2B92D6630051D641 /* Resources */,
			);
			buildRules = (
			);
			dependencies = (
			);
			name = "project1-scavenger-hunt";
			productName = "project1-scavenger-hunt";
			productReference = 600C87DF2B92D6630051D641 /* project1-scavenger-hunt.app */;
			productType = "com.apple.product-type.application";
		};
/* End PBXNativeTarget section */

/* Begin PBXProject section */
		600C87D72B92D6630051D641 /* Project object */ = {
			isa = PBXProject;
			attributes = {
				BuildIndependentTargetsInParallel = 1;
				LastSwiftUpdateCheck = 1520;
				LastUpgradeCheck = 1520;
				TargetAttributes = {
					600C87DE2B92D6630051D641 = {
						CreatedOnToolsVersion = 15.2;
					};
				};
			};
			buildConfigurationList = 600C87DA2B92D6630051D641 /* Build configuration list for PBXProject "project1-scavenger-hunt" */;
			compatibilityVersion = "Xcode 14.0";
			developmentRegion = en;
			hasScannedForEncodings = 0;
			knownRegions = (
				en,
				Base,
			);
			mainGroup = 600C87D62B92D6630051D641;
			productRefGroup = 600C87E02B92D6630051D641 /* Products */;
			projectDirPath = "";
			projectRoot = "";
			targets = (
				600C87DE2B92D6630051D641 /* project1-scavenger-hunt */,
			);
		};
/* End PBXProject section */

/* Begin PBXResourcesBuildPhase section */
		600C87DD2B92D6630051D641 /* Resources */ = {
			isa = PBXResourcesBuildPhase;
			buildActionMask = 2147483647;
			files = (
				600C87EF2B92D6640051D641 /* LaunchScreen.storyboard in Resources */,
				600C87EC2B92D6640051D641 /* Assets.xcassets in Resources */,
				600C87EA2B92D6630051D641 /* Main.storyboard in Resources */,
			);
			runOnlyForDeploymentPostprocessing = 0;
		};
/* End PBXResourcesBuildPhase section */

/* Begin PBXSourcesBuildPhase section */
		600C87DB2B92D6630051D641 /* Sources */ = {
			isa = PBXSourcesBuildPhase;
			buildActionMask = 2147483647;
			files = (
				600C88012B92E84A0051D641 /* TaskDetailViewController.swift in Sources */,
				600C87FB2B92E55E0051D641 /* Task.swift in Sources */,
				600C87E32B92D6630051D641 /* AppDelegate.swift in Sources */,
				600C88032B92F1BD0051D641 /* TaskComposeViewController.swift in Sources */,
				600C88052B92F43B0051D641 /* TaskAnnotationView.swift in Sources */,
				600C87E52B92D6630051D641 /* SceneDelegate.swift in Sources */,
				600C87F72B92E4670051D641 /* TaskListViewController.swift in Sources */,
				600C87FF2B92E6600051D641 /* TaskCell.swift in Sources */,
			);
			runOnlyForDeploymentPostprocessing = 0;
		};
/* End PBXSourcesBuildPhase section */

/* Begin PBXVariantGroup section */
		600C87E82B92D6630051D641 /* Main.storyboard */ = {
			isa = PBXVariantGroup;
			children = (
				600C87E92B92D6630051D641 /* Base */,
			);
			name = Main.storyboard;
			sourceTree = "<group>";
		};
		600C87ED2B92D6640051D641 /* LaunchScreen.storyboard */ = {
			isa = PBXVariantGroup;
			children = (
				600C87EE2B92D6640051D641 /* Base */,
			);
			name = LaunchScreen.storyboard;
			sourceTree = "<group>";
		};
/* End PBXVariantGroup section */

/* Begin XCBuildConfiguration section */
		600C87F12B92D6640051D641 /* Debug */ = {
			isa = XCBuildConfiguration;
			buildSettings = {
				ALWAYS_SEARCH_USER_PATHS = NO;
				ASSETCATALOG_COMPILER_GENERATE_SWIFT_ASSET_SYMBOL_EXTENSIONS = YES;
				CLANG_ANALYZER_NONNULL = YES;
				CLANG_ANALYZER_NUMBER_OBJECT_CONVERSION = YES_AGGRESSIVE;
				CLANG_CXX_LANGUAGE_STANDARD = "gnu++20";
				CLANG_ENABLE_MODULES = YES;
				CLANG_ENABLE_OBJC_ARC = YES;
				CLANG_ENABLE_OBJC_WEAK = YES;
				CLANG_WARN_BLOCK_CAPTURE_AUTORELEASING = YES;
				CLANG_WARN_BOOL_CONVERSION = YES;
				CLANG_WARN_COMMA = YES;
				CLANG_WARN_CONSTANT_CONVERSION = YES;
				CLANG_WARN_DEPRECATED_OBJC_IMPLEMENTATIONS = YES;
				CLANG_WARN_DIRECT_OBJC_ISA_USAGE = YES_ERROR;
				CLANG_WARN_DOCUMENTATION_COMMENTS = YES;
				CLANG_WARN_EMPTY_BODY = YES;
				CLANG_WARN_ENUM_CONVERSION = YES;
				CLANG_WARN_INFINITE_RECURSION = YES;
				CLANG_WARN_INT_CONVERSION = YES;
				CLANG_WARN_NON_LITERAL_NULL_CONVERSION = YES;
				CLANG_WARN_OBJC_IMPLICIT_RETAIN_SELF = YES;
				CLANG_WARN_OBJC_LITERAL_CONVERSION = YES;
				CLANG_WARN_OBJC_ROOT_CLASS = YES_ERROR;
				CLANG_WARN_QUOTED_INCLUDE_IN_FRAMEWORK_HEADER = YES;
				CLANG_WARN_RANGE_LOOP_ANALYSIS = YES;
				CLANG_WARN_STRICT_PROTOTYPES = YES;
				CLANG_WARN_SUSPICIOUS_MOVE = YES;
				CLANG_WARN_UNGUARDED_AVAILABILITY = YES_AGGRESSIVE;
				CLANG_WARN_UNREACHABLE_CODE = YES;
				CLANG_WARN__DUPLICATE_METHOD_MATCH = YES;
				COPY_PHASE_STRIP = NO;
				DEBUG_INFORMATION_FORMAT = dwarf;
				ENABLE_STRICT_OBJC_MSGSEND = YES;
				ENABLE_TESTABILITY = YES;
				ENABLE_USER_SCRIPT_SANDBOXING = YES;
				GCC_C_LANGUAGE_STANDARD = gnu17;
				GCC_DYNAMIC_NO_PIC = NO;
				GCC_NO_COMMON_BLOCKS = YES;
				GCC_OPTIMIZATION_LEVEL = 0;
				GCC_PREPROCESSOR_DEFINITIONS = (
					"DEBUG=1",
					"$(inherited)",
				);
				GCC_WARN_64_TO_32_BIT_CONVERSION = YES;
				GCC_WARN_ABOUT_RETURN_TYPE = YES_ERROR;
				GCC_WARN_UNDECLARED_SELECTOR = YES;
				GCC_WARN_UNINITIALIZED_AUTOS = YES_AGGRESSIVE;
				GCC_WARN_UNUSED_FUNCTION = YES;
				GCC_WARN_UNUSED_VARIABLE = YES;
				IPHONEOS_DEPLOYMENT_TARGET = 17.2;
				LOCALIZATION_PREFERS_STRING_CATALOGS = YES;
				MTL_ENABLE_DEBUG_INFO = INCLUDE_SOURCE;
				MTL_FAST_MATH = YES;
				ONLY_ACTIVE_ARCH = YES;
				SDKROOT = iphoneos;
				SWIFT_ACTIVE_COMPILATION_CONDITIONS = "DEBUG $(inherited)";
				SWIFT_OPTIMIZATION_LEVEL = "-Onone";
			};
			name = Debug;
		};
		600C87F22B92D6640051D641 /* Release */ = {
			isa = XCBuildConfiguration;
			buildSettings = {
				ALWAYS_SEARCH_USER_PATHS = NO;
				ASSETCATALOG_COMPILER_GENERATE_SWIFT_ASSET_SYMBOL_EXTENSIONS = YES;
				CLANG_ANALYZER_NONNULL = YES;
				CLANG_ANALYZER_NUMBER_OBJECT_CONVERSION = YES_AGGRESSIVE;
				CLANG_CXX_LANGUAGE_STANDARD = "gnu++20";
				CLANG_ENABLE_MODULES = YES;
				CLANG_ENABLE_OBJC_ARC = YES;
				CLANG_ENABLE_OBJC_WEAK = YES;
				CLANG_WARN_BLOCK_CAPTURE_AUTORELEASING = YES;
				CLANG_WARN_BOOL_CONVERSION = YES;
				CLANG_WARN_COMMA = YES;
				CLANG_WARN_CONSTANT_CONVERSION = YES;
				CLANG_WARN_DEPRECATED_OBJC_IMPLEMENTATIONS = YES;
				CLANG_WARN_DIRECT_OBJC_ISA_USAGE = YES_ERROR;
				CLANG_WARN_DOCUMENTATION_COMMENTS = YES;
				CLANG_WARN_EMPTY_BODY = YES;
				CLANG_WARN_ENUM_CONVERSION = YES;
				CLANG_WARN_INFINITE_RECURSION = YES;
				CLANG_WARN_INT_CONVERSION = YES;
				CLANG_WARN_NON_LITERAL_NULL_CONVERSION = YES;
				CLANG_WARN_OBJC_IMPLICIT_RETAIN_SELF = YES;
				CLANG_WARN_OBJC_LITERAL_CONVERSION = YES;
				CLANG_WARN_OBJC_ROOT_CLASS = YES_ERROR;
				CLANG_WARN_QUOTED_INCLUDE_IN_FRAMEWORK_HEADER = YES;
				CLANG_WARN_RANGE_LOOP_ANALYSIS = YES;
				CLANG_WARN_STRICT_PROTOTYPES = YES;
				CLANG_WARN_SUSPICIOUS_MOVE = YES;
				CLANG_WARN_UNGUARDED_AVAILABILITY = YES_AGGRESSIVE;
				CLANG_WARN_UNREACHABLE_CODE = YES;
				CLANG_WARN__DUPLICATE_METHOD_MATCH = YES;
				COPY_PHASE_STRIP = NO;
				DEBUG_INFORMATION_FORMAT = "dwarf-with-dsym";
				ENABLE_NS_ASSERTIONS = NO;
				ENABLE_STRICT_OBJC_MSGSEND = YES;
				ENABLE_USER_SCRIPT_SANDBOXING = YES;
				GCC_C_LANGUAGE_STANDARD = gnu17;
				GCC_NO_COMMON_BLOCKS = YES;
				GCC_WARN_64_TO_32_BIT_CONVERSION = YES;
				GCC_WARN_ABOUT_RETURN_TYPE = YES_ERROR;
				GCC_WARN_UNDECLARED_SELECTOR = YES;
				GCC_WARN_UNINITIALIZED_AUTOS = YES_AGGRESSIVE;
				GCC_WARN_UNUSED_FUNCTION = YES;
				GCC_WARN_UNUSED_VARIABLE = YES;
				IPHONEOS_DEPLOYMENT_TARGET = 17.2;
				LOCALIZATION_PREFERS_STRING_CATALOGS = YES;
				MTL_ENABLE_DEBUG_INFO = NO;
				MTL_FAST_MATH = YES;
				SDKROOT = iphoneos;
				SWIFT_COMPILATION_MODE = wholemodule;
				VALIDATE_PRODUCT = YES;
			};
			name = Release;
		};
		600C87F42B92D6640051D641 /* Debug */ = {
			isa = XCBuildConfiguration;
			buildSettings = {
				ASSETCATALOG_COMPILER_APPICON_NAME = AppIcon;
				ASSETCATALOG_COMPILER_GLOBAL_ACCENT_COLOR_NAME = AccentColor;
				CODE_SIGN_STYLE = Automatic;
				CURRENT_PROJECT_VERSION = 1;
				GENERATE_INFOPLIST_FILE = YES;
				INFOPLIST_FILE = "project1-scavenger-hunt/Info.plist";
				INFOPLIST_KEY_UIApplicationSupportsIndirectInputEvents = YES;
				INFOPLIST_KEY_UILaunchStoryboardName = LaunchScreen;
				INFOPLIST_KEY_UIMainStoryboardFile = Main;
				INFOPLIST_KEY_UISupportedInterfaceOrientations_iPad = "UIInterfaceOrientationPortrait UIInterfaceOrientationPortraitUpsideDown UIInterfaceOrientationLandscapeLeft UIInterfaceOrientationLandscapeRight";
				INFOPLIST_KEY_UISupportedInterfaceOrientations_iPhone = "UIInterfaceOrientationPortrait UIInterfaceOrientationLandscapeLeft UIInterfaceOrientationLandscapeRight";
				LD_RUNPATH_SEARCH_PATHS = (
					"$(inherited)",
					"@executable_path/Frameworks",
				);
				MARKETING_VERSION = 1.0;
				PRODUCT_BUNDLE_IDENTIFIER = "AnthonyJerez.project1-scavenger-hunt";
				PRODUCT_NAME = "$(TARGET_NAME)";
				SWIFT_EMIT_LOC_STRINGS = YES;
				SWIFT_VERSION = 5.0;
				TARGETED_DEVICE_FAMILY = "1,2";
			};
			name = Debug;
		};
		600C87F52B92D6640051D641 /* Release */ = {
			isa = XCBuildConfiguration;
			buildSettings = {
				ASSETCATALOG_COMPILER_APPICON_NAME = AppIcon;
				ASSETCATALOG_COMPILER_GLOBAL_ACCENT_COLOR_NAME = AccentColor;
				CODE_SIGN_STYLE = Automatic;
				CURRENT_PROJECT_VERSION = 1;
				GENERATE_INFOPLIST_FILE = YES;
				INFOPLIST_FILE = "project1-scavenger-hunt/Info.plist";
				INFOPLIST_KEY_UIApplicationSupportsIndirectInputEvents = YES;
				INFOPLIST_KEY_UILaunchStoryboardName = LaunchScreen;
				INFOPLIST_KEY_UIMainStoryboardFile = Main;
				INFOPLIST_KEY_UISupportedInterfaceOrientations_iPad = "UIInterfaceOrientationPortrait UIInterfaceOrientationPortraitUpsideDown UIInterfaceOrientationLandscapeLeft UIInterfaceOrientationLandscapeRight";
				INFOPLIST_KEY_UISupportedInterfaceOrientations_iPhone = "UIInterfaceOrientationPortrait UIInterfaceOrientationLandscapeLeft UIInterfaceOrientationLandscapeRight";
				LD_RUNPATH_SEARCH_PATHS = (
					"$(inherited)",
					"@executable_path/Frameworks",
				);
				MARKETING_VERSION = 1.0;
				PRODUCT_BUNDLE_IDENTIFIER = "AnthonyJerez.project1-scavenger-hunt";
				PRODUCT_NAME = "$(TARGET_NAME)";
				SWIFT_EMIT_LOC_STRINGS = YES;
				SWIFT_VERSION = 5.0;
				TARGETED_DEVICE_FAMILY = "1,2";
			};
			name = Release;
		};
/* End XCBuildConfiguration section */

/* Begin XCConfigurationList section */
		600C87DA2B92D6630051D641 /* Build configuration list for PBXProject "project1-scavenger-hunt" */ = {
			isa = XCConfigurationList;
			buildConfigurations = (
				600C87F12B92D6640051D641 /* Debug */,
				600C87F22B92D6640051D641 /* Release */,
			);
			defaultConfigurationIsVisible = 0;
			defaultConfigurationName = Release;
		};
		600C87F32B92D6640051D641 /* Build configuration list for PBXNativeTarget "project1-scavenger-hunt" */ = {
			isa = XCConfigurationList;
			buildConfigurations = (
				600C87F42B92D6640051D641 /* Debug */,
				600C87F52B92D6640051D641 /* Release */,
			);
			defaultConfigurationIsVisible = 0;
			defaultConfigurationName = Release;
		};
/* End XCConfigurationList section */
	};
	rootObject = 600C87D72B92D6630051D641 /* Project object */;
}
